
Microsoft Visual Studio Solution File, Format Version 12.00
# Visual Studio 15
VisualStudioVersion = 15.0.35026.233
MinimumVisualStudioVersion = 10.0.40219.1
Project("{8BC9CEB8-8B4A-11D0-8D11-00A0C91BC942}") = "Arrays", "Arrays\Arrays.vcxproj", "{60D3DA04-A612-472D-A03D-A2C0A7B6CF84}"
EndProject
Project("{8BC9CEB8-8B4A-11D0-8D11-00A0C91BC942}") = "Stat", "Stat\Stat.vcxproj", "{04BAFF75-3499-4F9A-AA4D-332098355C94}"
EndProject
Global
	GlobalSection(SolutionConfigurationPlatforms) = preSolution
		Debug|x64 = Debug|x64
		Debug|x86 = Debug|x86
		Release|x64 = Release|x64
		Release|x86 = Release|x86
	EndGlobalSection
	GlobalSection(ProjectConfigurationPlatforms) = postSolution
		{60D3DA04-A612-472D-A03D-A2C0A7B6CF84}.Debug|x64.ActiveCfg = Debug|x64
		{60D3DA04-A612-472D-A03D-A2C0A7B6CF84}.Debug|x64.Build.0 = Debug|x64
		{60D3DA04-A612-472D-A03D-A2C0A7B6CF84}.Debug|x86.ActiveCfg = Debug|Win32
		{60D3DA04-A612-472D-A03D-A2C0A7B6CF84}.Debug|x86.Build.0 = Debug|Win32
		{60D3DA04-A612-472D-A03D-A2C0A7B6CF84}.Release|x64.ActiveCfg = Release|x64
		{60D3DA04-A612-472D-A03D-A2C0A7B6CF84}.Release|x64.Build.0 = Release|x64
		{60D3DA04-A612-472D-A03D-A2C0A7B6CF84}.Release|x86.ActiveCfg = Release|Win32
		{60D3DA04-A612-472D-A03D-A2C0A7B6CF84}.Release|x86.Build.0 = Release|Win32
		{04BAFF75-3499-4F9A-AA4D-332098355C94}.Debug|x64.ActiveCfg = Debug|x64
		{04BAFF75-3499-4F9A-AA4D-332098355C94}.Debug|x64.Build.0 = Debug|x64
		{04BAFF75-3499-4F9A-AA4D-332098355C94}.Debug|x86.ActiveCfg = Debug|Win32
		{04BAFF75-3499-4F9A-AA4D-332098355C94}.Debug|x86.Build.0 = Debug|Win32
		{04BAFF75-3499-4F9A-AA4D-332098355C94}.Release|x64.ActiveCfg = Release|x64
		{04BAFF75-3499-4F9A-AA4D-332098355C94}.Release|x64.Build.0 = Release|x64
		{04BAFF75-3499-4F9A-AA4D-332098355C94}.Release|x86.ActiveCfg = Release|Win32
		{04BAFF75-3499-4F9A-AA4D-332098355C94}.Release|x86.Build.0 = Release|Win32
	EndGlobalSection
	GlobalSection(SolutionProperties) = preSolution
		HideSolutionNode = FALSE
	EndGlobalSection
	GlobalSection(ExtensibilityGlobals) = postSolution
		SolutionGuid = {BEB48408-2FBB-4B82-941F-73C8A7ED7E65}
	EndGlobalSection
EndGlobal
